// !$*UTF8*$!
{
	archiveVersion = 1;
	classes = {
	};
	objectVersion = 50;
	objects = {

/* Begin PBXBuildFile section */
		3749262725C6B65900E2F10E /* Spinning.swift in Sources */ = {isa = PBXBuildFile; fileRef = 3749262625C6B65900E2F10E /* Spinning.swift */; };
		3749262A25C6BFD400E2F10E /* PaleteChooser.swift in Sources */ = {isa = PBXBuildFile; fileRef = 3749262925C6BFD400E2F10E /* PaleteChooser.swift */; };
		3749262D25C6C1EA00E2F10E /* EmojiArtDocument+Palette.swift in Sources */ = {isa = PBXBuildFile; fileRef = 3749262C25C6C1EA00E2F10E /* EmojiArtDocument+Palette.swift */; };
		3749263325C7F4B700E2F10E /* GridLayout.swift in Sources */ = {isa = PBXBuildFile; fileRef = 3749263125C7F4B700E2F10E /* GridLayout.swift */; };
		3749263425C7F4B700E2F10E /* Grid.swift in Sources */ = {isa = PBXBuildFile; fileRef = 3749263225C7F4B700E2F10E /* Grid.swift */; };
		3749263825C952D000E2F10E /* EmojiArtDocumentStore.swift in Sources */ = {isa = PBXBuildFile; fileRef = 3749263725C952D000E2F10E /* EmojiArtDocumentStore.swift */; };
		3749263B25C95B7200E2F10E /* EmojiArtDocumentChooser.swift in Sources */ = {isa = PBXBuildFile; fileRef = 3749263A25C95B7200E2F10E /* EmojiArtDocumentChooser.swift */; };
		3749263E25CC03F900E2F10E /* EditableText.swift in Sources */ = {isa = PBXBuildFile; fileRef = 3749263D25CC03F900E2F10E /* EditableText.swift */; };
		379C68BB25C30BB500933C2A /* View+If.swift in Sources */ = {isa = PBXBuildFile; fileRef = 379C68BA25C30BB500933C2A /* View+If.swift */; };
		379C68C325C3DBC700933C2A /* Set+ToggleMatching.swift in Sources */ = {isa = PBXBuildFile; fileRef = 379C68C225C3DBC700933C2A /* Set+ToggleMatching.swift */; };
		37A0FB0A25BE7DC60077EA6F /* AppDelegate.swift in Sources */ = {isa = PBXBuildFile; fileRef = 37A0FB0925BE7DC60077EA6F /* AppDelegate.swift */; };
		37A0FB0C25BE7DC60077EA6F /* SceneDelegate.swift in Sources */ = {isa = PBXBuildFile; fileRef = 37A0FB0B25BE7DC60077EA6F /* SceneDelegate.swift */; };
		37A0FB0E25BE7DC60077EA6F /* EmojiArtDocumentView.swift in Sources */ = {isa = PBXBuildFile; fileRef = 37A0FB0D25BE7DC60077EA6F /* EmojiArtDocumentView.swift */; };
		37A0FB1025BE7DC60077EA6F /* Assets.xcassets in Resources */ = {isa = PBXBuildFile; fileRef = 37A0FB0F25BE7DC60077EA6F /* Assets.xcassets */; };
		37A0FB1325BE7DC60077EA6F /* Preview Assets.xcassets in Resources */ = {isa = PBXBuildFile; fileRef = 37A0FB1225BE7DC60077EA6F /* Preview Assets.xcassets */; };
		37A0FB1625BE7DC60077EA6F /* LaunchScreen.storyboard in Resources */ = {isa = PBXBuildFile; fileRef = 37A0FB1425BE7DC60077EA6F /* LaunchScreen.storyboard */; };
		37A0FB2025BE7DE20077EA6F /* EmojiArtDoucment.swift in Sources */ = {isa = PBXBuildFile; fileRef = 37A0FB1F25BE7DE20077EA6F /* EmojiArtDoucment.swift */; };
		37A0FB2325BE83100077EA6F /* EmojiArt.swift in Sources */ = {isa = PBXBuildFile; fileRef = 37A0FB2225BE83100077EA6F /* EmojiArt.swift */; };
		37A0FB2625BE93DC0077EA6F /* EmojiArtExtensions.swift in Sources */ = {isa = PBXBuildFile; fileRef = 37A0FB2525BE93DC0077EA6F /* EmojiArtExtensions.swift */; };
		37A0FB2925BFF50E0077EA6F /* OptionalImage.swift in Sources */ = {isa = PBXBuildFile; fileRef = 37A0FB2825BFF50E0077EA6F /* OptionalImage.swift */; };
		37A0FB2C25BFF8290077EA6F /* AnimatableSystemFontModifier.swift in Sources */ = {isa = PBXBuildFile; fileRef = 37A0FB2B25BFF8290077EA6F /* AnimatableSystemFontModifier.swift */; };
/* End PBXBuildFile section */

/* Begin PBXFileReference section */
		3749262625C6B65900E2F10E /* Spinning.swift */ = {isa = PBXFileReference; lastKnownFileType = sourcecode.swift; path = Spinning.swift; sourceTree = "<group>"; };
		3749262925C6BFD400E2F10E /* PaleteChooser.swift */ = {isa = PBXFileReference; lastKnownFileType = sourcecode.swift; path = PaleteChooser.swift; sourceTree = "<group>"; };
		3749262C25C6C1EA00E2F10E /* EmojiArtDocument+Palette.swift */ = {isa = PBXFileReference; fileEncoding = 4; lastKnownFileType = sourcecode.swift; path = "EmojiArtDocument+Palette.swift"; sourceTree = "<group>"; };
		3749263125C7F4B700E2F10E /* GridLayout.swift */ = {isa = PBXFileReference; fileEncoding = 4; lastKnownFileType = sourcecode.swift; name = GridLayout.swift; path = ../../MemorizeGame/Memorize_C193/GridLayout.swift; sourceTree = "<group>"; };
		3749263225C7F4B700E2F10E /* Grid.swift */ = {isa = PBXFileReference; fileEncoding = 4; lastKnownFileType = sourcecode.swift; name = Grid.swift; path = ../../MemorizeGame/Memorize_C193/Grid.swift; sourceTree = "<group>"; };
		3749263725C952D000E2F10E /* EmojiArtDocumentStore.swift */ = {isa = PBXFileReference; fileEncoding = 4; lastKnownFileType = sourcecode.swift; path = EmojiArtDocumentStore.swift; sourceTree = "<group>"; };
		3749263A25C95B7200E2F10E /* EmojiArtDocumentChooser.swift */ = {isa = PBXFileReference; lastKnownFileType = sourcecode.swift; path = EmojiArtDocumentChooser.swift; sourceTree = "<group>"; };
		3749263D25CC03F900E2F10E /* EditableText.swift */ = {isa = PBXFileReference; fileEncoding = 4; lastKnownFileType = sourcecode.swift; path = EditableText.swift; sourceTree = "<group>"; };
		379C68BA25C30BB500933C2A /* View+If.swift */ = {isa = PBXFileReference; lastKnownFileType = sourcecode.swift; path = "View+If.swift"; sourceTree = "<group>"; };
		379C68C225C3DBC700933C2A /* Set+ToggleMatching.swift */ = {isa = PBXFileReference; lastKnownFileType = sourcecode.swift; path = "Set+ToggleMatching.swift"; sourceTree = "<group>"; };
		37A0FB0625BE7DC60077EA6F /* EmojiArt.app */ = {isa = PBXFileReference; explicitFileType = wrapper.application; includeInIndex = 0; path = EmojiArt.app; sourceTree = BUILT_PRODUCTS_DIR; };
		37A0FB0925BE7DC60077EA6F /* AppDelegate.swift */ = {isa = PBXFileReference; lastKnownFileType = sourcecode.swift; path = AppDelegate.swift; sourceTree = "<group>"; };
		37A0FB0B25BE7DC60077EA6F /* SceneDelegate.swift */ = {isa = PBXFileReference; lastKnownFileType = sourcecode.swift; path = SceneDelegate.swift; sourceTree = "<group>"; };
		37A0FB0D25BE7DC60077EA6F /* EmojiArtDocumentView.swift */ = {isa = PBXFileReference; lastKnownFileType = sourcecode.swift; path = EmojiArtDocumentView.swift; sourceTree = "<group>"; };
		37A0FB0F25BE7DC60077EA6F /* Assets.xcassets */ = {isa = PBXFileReference; lastKnownFileType = folder.assetcatalog; path = Assets.xcassets; sourceTree = "<group>"; };
		37A0FB1225BE7DC60077EA6F /* Preview Assets.xcassets */ = {isa = PBXFileReference; lastKnownFileType = folder.assetcatalog; path = "Preview Assets.xcassets"; sourceTree = "<group>"; };
		37A0FB1525BE7DC60077EA6F /* Base */ = {isa = PBXFileReference; lastKnownFileType = file.storyboard; name = Base; path = Base.lproj/LaunchScreen.storyboard; sourceTree = "<group>"; };
		37A0FB1725BE7DC60077EA6F /* Info.plist */ = {isa = PBXFileReference; lastKnownFileType = text.plist.xml; path = Info.plist; sourceTree = "<group>"; };
		37A0FB1F25BE7DE20077EA6F /* EmojiArtDoucment.swift */ = {isa = PBXFileReference; lastKnownFileType = sourcecode.swift; path = EmojiArtDoucment.swift; sourceTree = "<group>"; };
		37A0FB2225BE83100077EA6F /* EmojiArt.swift */ = {isa = PBXFileReference; lastKnownFileType = sourcecode.swift; path = EmojiArt.swift; sourceTree = "<group>"; };
		37A0FB2525BE93DC0077EA6F /* EmojiArtExtensions.swift */ = {isa = PBXFileReference; lastKnownFileType = sourcecode.swift; path = EmojiArtExtensions.swift; sourceTree = "<group>"; };
		37A0FB2825BFF50E0077EA6F /* OptionalImage.swift */ = {isa = PBXFileReference; lastKnownFileType = sourcecode.swift; path = OptionalImage.swift; sourceTree = "<group>"; };
		37A0FB2B25BFF8290077EA6F /* AnimatableSystemFontModifier.swift */ = {isa = PBXFileReference; fileEncoding = 4; lastKnownFileType = sourcecode.swift; path = AnimatableSystemFontModifier.swift; sourceTree = "<group>"; };
/* End PBXFileReference section */

/* Begin PBXFrameworksBuildPhase section */
		37A0FB0325BE7DC60077EA6F /* Frameworks */ = {
			isa = PBXFrameworksBuildPhase;
			buildActionMask = 2147483647;
			files = (
			);
			runOnlyForDeploymentPostprocessing = 0;
		};
/* End PBXFrameworksBuildPhase section */

/* Begin PBXGroup section */
		37A0FAFD25BE7DC60077EA6F = {
			isa = PBXGroup;
			children = (
				37A0FB0825BE7DC60077EA6F /* EmojiArt */,
				37A0FB0725BE7DC60077EA6F /* Products */,
			);
			sourceTree = "<group>";
		};
		37A0FB0725BE7DC60077EA6F /* Products */ = {
			isa = PBXGroup;
			children = (
				37A0FB0625BE7DC60077EA6F /* EmojiArt.app */,
			);
			name = Products;
			sourceTree = "<group>";
		};
		37A0FB0825BE7DC60077EA6F /* EmojiArt */ = {
			isa = PBXGroup;
			children = (
				3749263D25CC03F900E2F10E /* EditableText.swift */,
				3749263725C952D000E2F10E /* EmojiArtDocumentStore.swift */,
				3749263A25C95B7200E2F10E /* EmojiArtDocumentChooser.swift */,
				3749263225C7F4B700E2F10E /* Grid.swift */,
				3749263125C7F4B700E2F10E /* GridLayout.swift */,
				379C68BA25C30BB500933C2A /* View+If.swift */,
				3749262C25C6C1EA00E2F10E /* EmojiArtDocument+Palette.swift */,
				37A0FB2B25BFF8290077EA6F /* AnimatableSystemFontModifier.swift */,
				379C68C225C3DBC700933C2A /* Set+ToggleMatching.swift */,
				37A0FB0925BE7DC60077EA6F /* AppDelegate.swift */,
				37A0FB0B25BE7DC60077EA6F /* SceneDelegate.swift */,
				37A0FB0D25BE7DC60077EA6F /* EmojiArtDocumentView.swift */,
				3749262625C6B65900E2F10E /* Spinning.swift */,
				37A0FB2825BFF50E0077EA6F /* OptionalImage.swift */,
				37A0FB2225BE83100077EA6F /* EmojiArt.swift */,
				37A0FB1F25BE7DE20077EA6F /* EmojiArtDoucment.swift */,
				3749262925C6BFD400E2F10E /* PaleteChooser.swift */,
				37A0FB2525BE93DC0077EA6F /* EmojiArtExtensions.swift */,
				37A0FB0F25BE7DC60077EA6F /* Assets.xcassets */,
				37A0FB1425BE7DC60077EA6F /* LaunchScreen.storyboard */,
				37A0FB1725BE7DC60077EA6F /* Info.plist */,
				37A0FB1125BE7DC60077EA6F /* Preview Content */,
			);
			path = EmojiArt;
			sourceTree = "<group>";
		};
		37A0FB1125BE7DC60077EA6F /* Preview Content */ = {
			isa = PBXGroup;
			children = (
				37A0FB1225BE7DC60077EA6F /* Preview Assets.xcassets */,
			);
			path = "Preview Content";
			sourceTree = "<group>";
		};
/* End PBXGroup section */

/* Begin PBXNativeTarget section */
		37A0FB0525BE7DC60077EA6F /* EmojiArt */ = {
			isa = PBXNativeTarget;
			buildConfigurationList = 37A0FB1A25BE7DC60077EA6F /* Build configuration list for PBXNativeTarget "EmojiArt" */;
			buildPhases = (
				37A0FB0225BE7DC60077EA6F /* Sources */,
				37A0FB0325BE7DC60077EA6F /* Frameworks */,
				37A0FB0425BE7DC60077EA6F /* Resources */,
			);
			buildRules = (
			);
			dependencies = (
			);
			name = EmojiArt;
			productName = EmojiArt;
			productReference = 37A0FB0625BE7DC60077EA6F /* EmojiArt.app */;
			productType = "com.apple.product-type.application";
		};
/* End PBXNativeTarget section */

/* Begin PBXProject section */
		37A0FAFE25BE7DC60077EA6F /* Project object */ = {
			isa = PBXProject;
			attributes = {
				LastSwiftUpdateCheck = 1230;
				LastUpgradeCheck = 1230;
				TargetAttributes = {
					37A0FB0525BE7DC60077EA6F = {
						CreatedOnToolsVersion = 12.3;
					};
				};
			};
			buildConfigurationList = 37A0FB0125BE7DC60077EA6F /* Build configuration list for PBXProject "EmojiArt" */;
			compatibilityVersion = "Xcode 9.3";
			developmentRegion = en;
			hasScannedForEncodings = 0;
			knownRegions = (
				en,
				Base,
			);
			mainGroup = 37A0FAFD25BE7DC60077EA6F;
			productRefGroup = 37A0FB0725BE7DC60077EA6F /* Products */;
			projectDirPath = "";
			projectRoot = "";
			targets = (
				37A0FB0525BE7DC60077EA6F /* EmojiArt */,
			);
		};
/* End PBXProject section */

/* Begin PBXResourcesBuildPhase section */
		37A0FB0425BE7DC60077EA6F /* Resources */ = {
			isa = PBXResourcesBuildPhase;
			buildActionMask = 2147483647;
			files = (
				37A0FB1625BE7DC60077EA6F /* LaunchScreen.storyboard in Resources */,
				37A0FB1325BE7DC60077EA6F /* Preview Assets.xcassets in Resources */,
				37A0FB1025BE7DC60077EA6F /* Assets.xcassets in Resources */,
			);
			runOnlyForDeploymentPostprocessing = 0;
		};
/* End PBXResourcesBuildPhase section */

/* Begin PBXSourcesBuildPhase section */
		37A0FB0225BE7DC60077EA6F /* Sources */ = {
			isa = PBXSourcesBuildPhase;
			buildActionMask = 2147483647;
			files = (
				37A0FB0A25BE7DC60077EA6F /* AppDelegate.swift in Sources */,
				37A0FB0C25BE7DC60077EA6F /* SceneDelegate.swift in Sources */,
				37A0FB2625BE93DC0077EA6F /* EmojiArtExtensions.swift in Sources */,
				37A0FB2325BE83100077EA6F /* EmojiArt.swift in Sources */,
				37A0FB0E25BE7DC60077EA6F /* EmojiArtDocumentView.swift in Sources */,
				3749263325C7F4B700E2F10E /* GridLayout.swift in Sources */,
				379C68C325C3DBC700933C2A /* Set+ToggleMatching.swift in Sources */,
				3749262725C6B65900E2F10E /* Spinning.swift in Sources */,
				3749263425C7F4B700E2F10E /* Grid.swift in Sources */,
				37A0FB2925BFF50E0077EA6F /* OptionalImage.swift in Sources */,
				379C68BB25C30BB500933C2A /* View+If.swift in Sources */,
				3749262A25C6BFD400E2F10E /* PaleteChooser.swift in Sources */,
				3749263B25C95B7200E2F10E /* EmojiArtDocumentChooser.swift in Sources */,
				3749262D25C6C1EA00E2F10E /* EmojiArtDocument+Palette.swift in Sources */,
				3749263825C952D000E2F10E /* EmojiArtDocumentStore.swift in Sources */,
				37A0FB2C25BFF8290077EA6F /* AnimatableSystemFontModifier.swift in Sources */,
				3749263E25CC03F900E2F10E /* EditableText.swift in Sources */,
				37A0FB2025BE7DE20077EA6F /* EmojiArtDoucment.swift in Sources */,
			);
			runOnlyForDeploymentPostprocessing = 0;
		};
/* End PBXSourcesBuildPhase section */

/* Begin PBXVariantGroup section */
		37A0FB1425BE7DC60077EA6F /* LaunchScreen.storyboard */ = {
			isa = PBXVariantGroup;
			children = (
				37A0FB1525BE7DC60077EA6F /* Base */,
			);
			name = LaunchScreen.storyboard;
			sourceTree = "<group>";
		};
/* End PBXVariantGroup section */

/* Begin XCBuildConfiguration section */
		37A0FB1825BE7DC60077EA6F /* Debug */ = {
			isa = XCBuildConfiguration;
			buildSettings = {
				ALWAYS_SEARCH_USER_PATHS = NO;
				CLANG_ANALYZER_NONNULL = YES;
				CLANG_ANALYZER_NUMBER_OBJECT_CONVERSION = YES_AGGRESSIVE;
				CLANG_CXX_LANGUAGE_STANDARD = "gnu++14";
				CLANG_CXX_LIBRARY = "libc++";
				CLANG_ENABLE_MODULES = YES;
				CLANG_ENABLE_OBJC_ARC = YES;
				CLANG_ENABLE_OBJC_WEAK = YES;
				CLANG_WARN_BLOCK_CAPTURE_AUTORELEASING = YES;
				CLANG_WARN_BOOL_CONVERSION = YES;
				CLANG_WARN_COMMA = YES;
				CLANG_WARN_CONSTANT_CONVERSION = YES;
				CLANG_WARN_DEPRECATED_OBJC_IMPLEMENTATIONS = YES;
				CLANG_WARN_DIRECT_OBJC_ISA_USAGE = YES_ERROR;
				CLANG_WARN_DOCUMENTATION_COMMENTS = YES;
				CLANG_WARN_EMPTY_BODY = YES;
				CLANG_WARN_ENUM_CONVERSION = YES;
				CLANG_WARN_INFINITE_RECURSION = YES;
				CLANG_WARN_INT_CONVERSION = YES;
				CLANG_WARN_NON_LITERAL_NULL_CONVERSION = YES;
				CLANG_WARN_OBJC_IMPLICIT_RETAIN_SELF = YES;
				CLANG_WARN_OBJC_LITERAL_CONVERSION = YES;
				CLANG_WARN_OBJC_ROOT_CLASS = YES_ERROR;
				CLANG_WARN_QUOTED_INCLUDE_IN_FRAMEWORK_HEADER = YES;
				CLANG_WARN_RANGE_LOOP_ANALYSIS = YES;
				CLANG_WARN_STRICT_PROTOTYPES = YES;
				CLANG_WARN_SUSPICIOUS_MOVE = YES;
				CLANG_WARN_UNGUARDED_AVAILABILITY = YES_AGGRESSIVE;
				CLANG_WARN_UNREACHABLE_CODE = YES;
				CLANG_WARN__DUPLICATE_METHOD_MATCH = YES;
				COPY_PHASE_STRIP = NO;
				DEBUG_INFORMATION_FORMAT = dwarf;
				ENABLE_STRICT_OBJC_MSGSEND = YES;
				ENABLE_TESTABILITY = YES;
				GCC_C_LANGUAGE_STANDARD = gnu11;
				GCC_DYNAMIC_NO_PIC = NO;
				GCC_NO_COMMON_BLOCKS = YES;
				GCC_OPTIMIZATION_LEVEL = 0;
				GCC_PREPROCESSOR_DEFINITIONS = (
					"DEBUG=1",
					"$(inherited)",
				);
				GCC_WARN_64_TO_32_BIT_CONVERSION = YES;
				GCC_WARN_ABOUT_RETURN_TYPE = YES_ERROR;
				GCC_WARN_UNDECLARED_SELECTOR = YES;
				GCC_WARN_UNINITIALIZED_AUTOS = YES_AGGRESSIVE;
				GCC_WARN_UNUSED_FUNCTION = YES;
				GCC_WARN_UNUSED_VARIABLE = YES;
				IPHONEOS_DEPLOYMENT_TARGET = 14.3;
				MTL_ENABLE_DEBUG_INFO = INCLUDE_SOURCE;
				MTL_FAST_MATH = YES;
				ONLY_ACTIVE_ARCH = YES;
				SDKROOT = iphoneos;
				SWIFT_ACTIVE_COMPILATION_CONDITIONS = DEBUG;
				SWIFT_OPTIMIZATION_LEVEL = "-Onone";
			};
			name = Debug;
		};
		37A0FB1925BE7DC60077EA6F /* Release */ = {
			isa = XCBuildConfiguration;
			buildSettings = {
				ALWAYS_SEARCH_USER_PATHS = NO;
				CLANG_ANALYZER_NONNULL = YES;
				CLANG_ANALYZER_NUMBER_OBJECT_CONVERSION = YES_AGGRESSIVE;
				CLANG_CXX_LANGUAGE_STANDARD = "gnu++14";
				CLANG_CXX_LIBRARY = "libc++";
				CLANG_ENABLE_MODULES = YES;
				CLANG_ENABLE_OBJC_ARC = YES;
				CLANG_ENABLE_OBJC_WEAK = YES;
				CLANG_WARN_BLOCK_CAPTURE_AUTORELEASING = YES;
				CLANG_WARN_BOOL_CONVERSION = YES;
				CLANG_WARN_COMMA = YES;
				CLANG_WARN_CONSTANT_CONVERSION = YES;
				CLANG_WARN_DEPRECATED_OBJC_IMPLEMENTATIONS = YES;
				CLANG_WARN_DIRECT_OBJC_ISA_USAGE = YES_ERROR;
				CLANG_WARN_DOCUMENTATION_COMMENTS = YES;
				CLANG_WARN_EMPTY_BODY = YES;
				CLANG_WARN_ENUM_CONVERSION = YES;
				CLANG_WARN_INFINITE_RECURSION = YES;
				CLANG_WARN_INT_CONVERSION = YES;
				CLANG_WARN_NON_LITERAL_NULL_CONVERSION = YES;
				CLANG_WARN_OBJC_IMPLICIT_RETAIN_SELF = YES;
				CLANG_WARN_OBJC_LITERAL_CONVERSION = YES;
				CLANG_WARN_OBJC_ROOT_CLASS = YES_ERROR;
				CLANG_WARN_QUOTED_INCLUDE_IN_FRAMEWORK_HEADER = YES;
				CLANG_WARN_RANGE_LOOP_ANALYSIS = YES;
				CLANG_WARN_STRICT_PROTOTYPES = YES;
				CLANG_WARN_SUSPICIOUS_MOVE = YES;
				CLANG_WARN_UNGUARDED_AVAILABILITY = YES_AGGRESSIVE;
				CLANG_WARN_UNREACHABLE_CODE = YES;
				CLANG_WARN__DUPLICATE_METHOD_MATCH = YES;
				COPY_PHASE_STRIP = NO;
				DEBUG_INFORMATION_FORMAT = "dwarf-with-dsym";
				ENABLE_NS_ASSERTIONS = NO;
				ENABLE_STRICT_OBJC_MSGSEND = YES;
				GCC_C_LANGUAGE_STANDARD = gnu11;
				GCC_NO_COMMON_BLOCKS = YES;
				GCC_WARN_64_TO_32_BIT_CONVERSION = YES;
				GCC_WARN_ABOUT_RETURN_TYPE = YES_ERROR;
				GCC_WARN_UNDECLARED_SELECTOR = YES;
				GCC_WARN_UNINITIALIZED_AUTOS = YES_AGGRESSIVE;
				GCC_WARN_UNUSED_FUNCTION = YES;
				GCC_WARN_UNUSED_VARIABLE = YES;
				IPHONEOS_DEPLOYMENT_TARGET = 14.3;
				MTL_ENABLE_DEBUG_INFO = NO;
				MTL_FAST_MATH = YES;
				SDKROOT = iphoneos;
				SWIFT_COMPILATION_MODE = wholemodule;
				SWIFT_OPTIMIZATION_LEVEL = "-O";
				VALIDATE_PRODUCT = YES;
			};
			name = Release;
		};
		37A0FB1B25BE7DC60077EA6F /* Debug */ = {
			isa = XCBuildConfiguration;
			buildSettings = {
				ASSETCATALOG_COMPILER_APPICON_NAME = AppIcon;
				ASSETCATALOG_COMPILER_GLOBAL_ACCENT_COLOR_NAME = AccentColor;
				CODE_SIGN_STYLE = Automatic;
				DEVELOPMENT_ASSET_PATHS = "\"EmojiArt/Preview Content\"";
				DEVELOPMENT_TEAM = 6YNXK75768;
				ENABLE_PREVIEWS = YES;
				INFOPLIST_FILE = EmojiArt/Info.plist;
				LD_RUNPATH_SEARCH_PATHS = (
					"$(inherited)",
					"@executable_path/Frameworks",
				);
				PRODUCT_BUNDLE_IDENTIFIER = edu.wilybear.EmojiArt;
				PRODUCT_NAME = "$(TARGET_NAME)";
				SWIFT_VERSION = 5.0;
				TARGETED_DEVICE_FAMILY = "1,2";
			};
			name = Debug;
		};
		37A0FB1C25BE7DC60077EA6F /* Release */ = {
			isa = XCBuildConfiguration;
			buildSettings = {
				ASSETCATALOG_COMPILER_APPICON_NAME = AppIcon;
				ASSETCATALOG_COMPILER_GLOBAL_ACCENT_COLOR_NAME = AccentColor;
				CODE_SIGN_STYLE = Automatic;
				DEVELOPMENT_ASSET_PATHS = "\"EmojiArt/Preview Content\"";
				DEVELOPMENT_TEAM = 6YNXK75768;
				ENABLE_PREVIEWS = YES;
				INFOPLIST_FILE = EmojiArt/Info.plist;
				LD_RUNPATH_SEARCH_PATHS = (
					"$(inherited)",
					"@executable_path/Frameworks",
				);
				PRODUCT_BUNDLE_IDENTIFIER = edu.wilybear.EmojiArt;
				PRODUCT_NAME = "$(TARGET_NAME)";
				SWIFT_VERSION = 5.0;
				TARGETED_DEVICE_FAMILY = "1,2";
			};
			name = Release;
		};
/* End XCBuildConfiguration section */

/* Begin XCConfigurationList section */
		37A0FB0125BE7DC60077EA6F /* Build configuration list for PBXProject "EmojiArt" */ = {
			isa = XCConfigurationList;
			buildConfigurations = (
				37A0FB1825BE7DC60077EA6F /* Debug */,
				37A0FB1925BE7DC60077EA6F /* Release */,
			);
			defaultConfigurationIsVisible = 0;
			defaultConfigurationName = Release;
		};
		37A0FB1A25BE7DC60077EA6F /* Build configuration list for PBXNativeTarget "EmojiArt" */ = {
			isa = XCConfigurationList;
			buildConfigurations = (
				37A0FB1B25BE7DC60077EA6F /* Debug */,
				37A0FB1C25BE7DC60077EA6F /* Release */,
			);
			defaultConfigurationIsVisible = 0;
			defaultConfigurationName = Release;
		};
/* End XCConfigurationList section */
	};
	rootObject = 37A0FAFE25BE7DC60077EA6F /* Project object */;
}
