// !$*UTF8*$!
{
	archiveVersion = 1;
	classes = {
	};
	objectVersion = 50;
	objects = {

/* Begin PBXBuildFile section */
		370D41A425A9BC6F00318A48 /* Grid.swift in Sources */ = {isa = PBXBuildFile; fileRef = 370D41A325A9BC6F00318A48 /* Grid.swift */; };
		370D41AB25A9D1FE00318A48 /* GridLayout.swift in Sources */ = {isa = PBXBuildFile; fileRef = 370D41AA25A9D1FE00318A48 /* GridLayout.swift */; };
		3788597E25B3397A0040BDBC /* Pie.swift in Sources */ = {isa = PBXBuildFile; fileRef = 3788597D25B3397A0040BDBC /* Pie.swift */; };
		3788598125B346190040BDBC /* Cardify.swift in Sources */ = {isa = PBXBuildFile; fileRef = 3788598025B346190040BDBC /* Cardify.swift */; };
		37918E6525AB2945001BD961 /* Array+Identifiable.swift in Sources */ = {isa = PBXBuildFile; fileRef = 37918E6425AB2945001BD961 /* Array+Identifiable.swift */; };
		37918E6825AF1C42001BD961 /* Array+Only.swift in Sources */ = {isa = PBXBuildFile; fileRef = 37918E6725AF1C42001BD961 /* Array+Only.swift */; };
		37DE8B0A25A0E83B0090C609 /* AppDelegate.swift in Sources */ = {isa = PBXBuildFile; fileRef = 37DE8B0925A0E83B0090C609 /* AppDelegate.swift */; };
		37DE8B0C25A0E83B0090C609 /* SceneDelegate.swift in Sources */ = {isa = PBXBuildFile; fileRef = 37DE8B0B25A0E83B0090C609 /* SceneDelegate.swift */; };
		37DE8B0E25A0E83B0090C609 /* EmojiMemoryGameView.swift in Sources */ = {isa = PBXBuildFile; fileRef = 37DE8B0D25A0E83B0090C609 /* EmojiMemoryGameView.swift */; };
		37DE8B1025A0E83C0090C609 /* Assets.xcassets in Resources */ = {isa = PBXBuildFile; fileRef = 37DE8B0F25A0E83C0090C609 /* Assets.xcassets */; };
		37DE8B1325A0E83C0090C609 /* Preview Assets.xcassets in Resources */ = {isa = PBXBuildFile; fileRef = 37DE8B1225A0E83C0090C609 /* Preview Assets.xcassets */; };
		37DE8B1625A0E83C0090C609 /* LaunchScreen.storyboard in Resources */ = {isa = PBXBuildFile; fileRef = 37DE8B1425A0E83C0090C609 /* LaunchScreen.storyboard */; };
		37DE8B2025A0E8900090C609 /* MemoryGame.swift in Sources */ = {isa = PBXBuildFile; fileRef = 37DE8B1E25A0E8900090C609 /* MemoryGame.swift */; };
		37DE8B2125A0E8900090C609 /* EmojiMemoryGame.swift in Sources */ = {isa = PBXBuildFile; fileRef = 37DE8B1F25A0E8900090C609 /* EmojiMemoryGame.swift */; };
/* End PBXBuildFile section */

/* Begin PBXFileReference section */
		370D41A325A9BC6F00318A48 /* Grid.swift */ = {isa = PBXFileReference; lastKnownFileType = sourcecode.swift; path = Grid.swift; sourceTree = "<group>"; };
		370D41AA25A9D1FE00318A48 /* GridLayout.swift */ = {isa = PBXFileReference; fileEncoding = 4; lastKnownFileType = sourcecode.swift; path = GridLayout.swift; sourceTree = "<group>"; };
		3788597D25B3397A0040BDBC /* Pie.swift */ = {isa = PBXFileReference; lastKnownFileType = sourcecode.swift; path = Pie.swift; sourceTree = "<group>"; };
		3788598025B346190040BDBC /* Cardify.swift */ = {isa = PBXFileReference; lastKnownFileType = sourcecode.swift; path = Cardify.swift; sourceTree = "<group>"; };
		37918E6425AB2945001BD961 /* Array+Identifiable.swift */ = {isa = PBXFileReference; lastKnownFileType = sourcecode.swift; path = "Array+Identifiable.swift"; sourceTree = "<group>"; };
		37918E6725AF1C42001BD961 /* Array+Only.swift */ = {isa = PBXFileReference; lastKnownFileType = sourcecode.swift; path = "Array+Only.swift"; sourceTree = "<group>"; };
		37DE8B0625A0E83B0090C609 /* Memorize_C193.app */ = {isa = PBXFileReference; explicitFileType = wrapper.application; includeInIndex = 0; path = Memorize_C193.app; sourceTree = BUILT_PRODUCTS_DIR; };
		37DE8B0925A0E83B0090C609 /* AppDelegate.swift */ = {isa = PBXFileReference; lastKnownFileType = sourcecode.swift; path = AppDelegate.swift; sourceTree = "<group>"; };
		37DE8B0B25A0E83B0090C609 /* SceneDelegate.swift */ = {isa = PBXFileReference; lastKnownFileType = sourcecode.swift; path = SceneDelegate.swift; sourceTree = "<group>"; };
		37DE8B0D25A0E83B0090C609 /* EmojiMemoryGameView.swift */ = {isa = PBXFileReference; lastKnownFileType = sourcecode.swift; path = EmojiMemoryGameView.swift; sourceTree = "<group>"; };
		37DE8B0F25A0E83C0090C609 /* Assets.xcassets */ = {isa = PBXFileReference; lastKnownFileType = folder.assetcatalog; path = Assets.xcassets; sourceTree = "<group>"; };
		37DE8B1225A0E83C0090C609 /* Preview Assets.xcassets */ = {isa = PBXFileReference; lastKnownFileType = folder.assetcatalog; path = "Preview Assets.xcassets"; sourceTree = "<group>"; };
		37DE8B1525A0E83C0090C609 /* Base */ = {isa = PBXFileReference; lastKnownFileType = file.storyboard; name = Base; path = Base.lproj/LaunchScreen.storyboard; sourceTree = "<group>"; };
		37DE8B1725A0E83C0090C609 /* Info.plist */ = {isa = PBXFileReference; lastKnownFileType = text.plist.xml; path = Info.plist; sourceTree = "<group>"; };
		37DE8B1E25A0E8900090C609 /* MemoryGame.swift */ = {isa = PBXFileReference; fileEncoding = 4; lastKnownFileType = sourcecode.swift; path = MemoryGame.swift; sourceTree = "<group>"; };
		37DE8B1F25A0E8900090C609 /* EmojiMemoryGame.swift */ = {isa = PBXFileReference; fileEncoding = 4; lastKnownFileType = sourcecode.swift; path = EmojiMemoryGame.swift; sourceTree = "<group>"; };
/* End PBXFileReference section */

/* Begin PBXFrameworksBuildPhase section */
		37DE8B0325A0E83B0090C609 /* Frameworks */ = {
			isa = PBXFrameworksBuildPhase;
			buildActionMask = 2147483647;
			files = (
			);
			runOnlyForDeploymentPostprocessing = 0;
		};
/* End PBXFrameworksBuildPhase section */

/* Begin PBXGroup section */
		37DE8AFD25A0E83B0090C609 = {
			isa = PBXGroup;
			children = (
				37DE8B0825A0E83B0090C609 /* Memorize_C193 */,
				37DE8B0725A0E83B0090C609 /* Products */,
			);
			sourceTree = "<group>";
		};
		37DE8B0725A0E83B0090C609 /* Products */ = {
			isa = PBXGroup;
			children = (
				37DE8B0625A0E83B0090C609 /* Memorize_C193.app */,
			);
			name = Products;
			sourceTree = "<group>";
		};
		37DE8B0825A0E83B0090C609 /* Memorize_C193 */ = {
			isa = PBXGroup;
			children = (
				37DE8B1725A0E83C0090C609 /* Info.plist */,
				37DE8B0925A0E83B0090C609 /* AppDelegate.swift */,
				37918E6425AB2945001BD961 /* Array+Identifiable.swift */,
				37918E6725AF1C42001BD961 /* Array+Only.swift */,
				37DE8B1F25A0E8900090C609 /* EmojiMemoryGame.swift */,
				37DE8B0D25A0E83B0090C609 /* EmojiMemoryGameView.swift */,
				3788598025B346190040BDBC /* Cardify.swift */,
				3788597D25B3397A0040BDBC /* Pie.swift */,
				370D41A325A9BC6F00318A48 /* Grid.swift */,
				370D41AA25A9D1FE00318A48 /* GridLayout.swift */,
				37DE8B1E25A0E8900090C609 /* MemoryGame.swift */,
				37DE8B0B25A0E83B0090C609 /* SceneDelegate.swift */,
				37DE8B0F25A0E83C0090C609 /* Assets.xcassets */,
				37DE8B1425A0E83C0090C609 /* LaunchScreen.storyboard */,
				37DE8B1125A0E83C0090C609 /* Preview Content */,
			);
			path = Memorize_C193;
			sourceTree = "<group>";
		};
		37DE8B1125A0E83C0090C609 /* Preview Content */ = {
			isa = PBXGroup;
			children = (
				37DE8B1225A0E83C0090C609 /* Preview Assets.xcassets */,
			);
			path = "Preview Content";
			sourceTree = "<group>";
		};
/* End PBXGroup section */

/* Begin PBXNativeTarget section */
		37DE8B0525A0E83B0090C609 /* Memorize_C193 */ = {
			isa = PBXNativeTarget;
			buildConfigurationList = 37DE8B1A25A0E83C0090C609 /* Build configuration list for PBXNativeTarget "Memorize_C193" */;
			buildPhases = (
				37DE8B0225A0E83B0090C609 /* Sources */,
				37DE8B0325A0E83B0090C609 /* Frameworks */,
				37DE8B0425A0E83B0090C609 /* Resources */,
			);
			buildRules = (
			);
			dependencies = (
			);
			name = Memorize_C193;
			productName = Memorize_C193;
			productReference = 37DE8B0625A0E83B0090C609 /* Memorize_C193.app */;
			productType = "com.apple.product-type.application";
		};
/* End PBXNativeTarget section */

/* Begin PBXProject section */
		37DE8AFE25A0E83B0090C609 /* Project object */ = {
			isa = PBXProject;
			attributes = {
				LastSwiftUpdateCheck = 1230;
				LastUpgradeCheck = 1230;
				TargetAttributes = {
					37DE8B0525A0E83B0090C609 = {
						CreatedOnToolsVersion = 12.3;
					};
				};
			};
			buildConfigurationList = 37DE8B0125A0E83B0090C609 /* Build configuration list for PBXProject "Memorize_C193" */;
			compatibilityVersion = "Xcode 9.3";
			developmentRegion = en;
			hasScannedForEncodings = 0;
			knownRegions = (
				en,
				Base,
			);
			mainGroup = 37DE8AFD25A0E83B0090C609;
			productRefGroup = 37DE8B0725A0E83B0090C609 /* Products */;
			projectDirPath = "";
			projectRoot = "";
			targets = (
				37DE8B0525A0E83B0090C609 /* Memorize_C193 */,
			);
		};
/* End PBXProject section */

/* Begin PBXResourcesBuildPhase section */
		37DE8B0425A0E83B0090C609 /* Resources */ = {
			isa = PBXResourcesBuildPhase;
			buildActionMask = 2147483647;
			files = (
				37DE8B1625A0E83C0090C609 /* LaunchScreen.storyboard in Resources */,
				37DE8B1325A0E83C0090C609 /* Preview Assets.xcassets in Resources */,
				37DE8B1025A0E83C0090C609 /* Assets.xcassets in Resources */,
			);
			runOnlyForDeploymentPostprocessing = 0;
		};
/* End PBXResourcesBuildPhase section */

/* Begin PBXSourcesBuildPhase section */
		37DE8B0225A0E83B0090C609 /* Sources */ = {
			isa = PBXSourcesBuildPhase;
			buildActionMask = 2147483647;
			files = (
				3788598125B346190040BDBC /* Cardify.swift in Sources */,
				3788597E25B3397A0040BDBC /* Pie.swift in Sources */,
				37DE8B0A25A0E83B0090C609 /* AppDelegate.swift in Sources */,
				37DE8B0C25A0E83B0090C609 /* SceneDelegate.swift in Sources */,
				37DE8B2025A0E8900090C609 /* MemoryGame.swift in Sources */,
				37918E6825AF1C42001BD961 /* Array+Only.swift in Sources */,
				37DE8B0E25A0E83B0090C609 /* EmojiMemoryGameView.swift in Sources */,
				37DE8B2125A0E8900090C609 /* EmojiMemoryGame.swift in Sources */,
				37918E6525AB2945001BD961 /* Array+Identifiable.swift in Sources */,
				370D41AB25A9D1FE00318A48 /* GridLayout.swift in Sources */,
				370D41A425A9BC6F00318A48 /* Grid.swift in Sources */,
			);
			runOnlyForDeploymentPostprocessing = 0;
		};
/* End PBXSourcesBuildPhase section */

/* Begin PBXVariantGroup section */
		37DE8B1425A0E83C0090C609 /* LaunchScreen.storyboard */ = {
			isa = PBXVariantGroup;
			children = (
				37DE8B1525A0E83C0090C609 /* Base */,
			);
			name = LaunchScreen.storyboard;
			sourceTree = "<group>";
		};
/* End PBXVariantGroup section */

/* Begin XCBuildConfiguration section */
		37DE8B1825A0E83C0090C609 /* Debug */ = {
			isa = XCBuildConfiguration;
			buildSettings = {
				ALWAYS_SEARCH_USER_PATHS = NO;
				CLANG_ANALYZER_NONNULL = YES;
				CLANG_ANALYZER_NUMBER_OBJECT_CONVERSION = YES_AGGRESSIVE;
				CLANG_CXX_LANGUAGE_STANDARD = "gnu++14";
				CLANG_CXX_LIBRARY = "libc++";
				CLANG_ENABLE_MODULES = YES;
				CLANG_ENABLE_OBJC_ARC = YES;
				CLANG_ENABLE_OBJC_WEAK = YES;
				CLANG_WARN_BLOCK_CAPTURE_AUTORELEASING = YES;
				CLANG_WARN_BOOL_CONVERSION = YES;
				CLANG_WARN_COMMA = YES;
				CLANG_WARN_CONSTANT_CONVERSION = YES;
				CLANG_WARN_DEPRECATED_OBJC_IMPLEMENTATIONS = YES;
				CLANG_WARN_DIRECT_OBJC_ISA_USAGE = YES_ERROR;
				CLANG_WARN_DOCUMENTATION_COMMENTS = YES;
				CLANG_WARN_EMPTY_BODY = YES;
				CLANG_WARN_ENUM_CONVERSION = YES;
				CLANG_WARN_INFINITE_RECURSION = YES;
				CLANG_WARN_INT_CONVERSION = YES;
				CLANG_WARN_NON_LITERAL_NULL_CONVERSION = YES;
				CLANG_WARN_OBJC_IMPLICIT_RETAIN_SELF = YES;
				CLANG_WARN_OBJC_LITERAL_CONVERSION = YES;
				CLANG_WARN_OBJC_ROOT_CLASS = YES_ERROR;
				CLANG_WARN_QUOTED_INCLUDE_IN_FRAMEWORK_HEADER = YES;
				CLANG_WARN_RANGE_LOOP_ANALYSIS = YES;
				CLANG_WARN_STRICT_PROTOTYPES = YES;
				CLANG_WARN_SUSPICIOUS_MOVE = YES;
				CLANG_WARN_UNGUARDED_AVAILABILITY = YES_AGGRESSIVE;
				CLANG_WARN_UNREACHABLE_CODE = YES;
				CLANG_WARN__DUPLICATE_METHOD_MATCH = YES;
				COPY_PHASE_STRIP = NO;
				DEBUG_INFORMATION_FORMAT = dwarf;
				ENABLE_STRICT_OBJC_MSGSEND = YES;
				ENABLE_TESTABILITY = YES;
				GCC_C_LANGUAGE_STANDARD = gnu11;
				GCC_DYNAMIC_NO_PIC = NO;
				GCC_NO_COMMON_BLOCKS = YES;
				GCC_OPTIMIZATION_LEVEL = 0;
				GCC_PREPROCESSOR_DEFINITIONS = (
					"DEBUG=1",
					"$(inherited)",
				);
				GCC_WARN_64_TO_32_BIT_CONVERSION = YES;
				GCC_WARN_ABOUT_RETURN_TYPE = YES_ERROR;
				GCC_WARN_UNDECLARED_SELECTOR = YES;
				GCC_WARN_UNINITIALIZED_AUTOS = YES_AGGRESSIVE;
				GCC_WARN_UNUSED_FUNCTION = YES;
				GCC_WARN_UNUSED_VARIABLE = YES;
				IPHONEOS_DEPLOYMENT_TARGET = 14.3;
				MTL_ENABLE_DEBUG_INFO = INCLUDE_SOURCE;
				MTL_FAST_MATH = YES;
				ONLY_ACTIVE_ARCH = YES;
				SDKROOT = iphoneos;
				SWIFT_ACTIVE_COMPILATION_CONDITIONS = DEBUG;
				SWIFT_OPTIMIZATION_LEVEL = "-Onone";
			};
			name = Debug;
		};
		37DE8B1925A0E83C0090C609 /* Release */ = {
			isa = XCBuildConfiguration;
			buildSettings = {
				ALWAYS_SEARCH_USER_PATHS = NO;
				CLANG_ANALYZER_NONNULL = YES;
				CLANG_ANALYZER_NUMBER_OBJECT_CONVERSION = YES_AGGRESSIVE;
				CLANG_CXX_LANGUAGE_STANDARD = "gnu++14";
				CLANG_CXX_LIBRARY = "libc++";
				CLANG_ENABLE_MODULES = YES;
				CLANG_ENABLE_OBJC_ARC = YES;
				CLANG_ENABLE_OBJC_WEAK = YES;
				CLANG_WARN_BLOCK_CAPTURE_AUTORELEASING = YES;
				CLANG_WARN_BOOL_CONVERSION = YES;
				CLANG_WARN_COMMA = YES;
				CLANG_WARN_CONSTANT_CONVERSION = YES;
				CLANG_WARN_DEPRECATED_OBJC_IMPLEMENTATIONS = YES;
				CLANG_WARN_DIRECT_OBJC_ISA_USAGE = YES_ERROR;
				CLANG_WARN_DOCUMENTATION_COMMENTS = YES;
				CLANG_WARN_EMPTY_BODY = YES;
				CLANG_WARN_ENUM_CONVERSION = YES;
				CLANG_WARN_INFINITE_RECURSION = YES;
				CLANG_WARN_INT_CONVERSION = YES;
				CLANG_WARN_NON_LITERAL_NULL_CONVERSION = YES;
				CLANG_WARN_OBJC_IMPLICIT_RETAIN_SELF = YES;
				CLANG_WARN_OBJC_LITERAL_CONVERSION = YES;
				CLANG_WARN_OBJC_ROOT_CLASS = YES_ERROR;
				CLANG_WARN_QUOTED_INCLUDE_IN_FRAMEWORK_HEADER = YES;
				CLANG_WARN_RANGE_LOOP_ANALYSIS = YES;
				CLANG_WARN_STRICT_PROTOTYPES = YES;
				CLANG_WARN_SUSPICIOUS_MOVE = YES;
				CLANG_WARN_UNGUARDED_AVAILABILITY = YES_AGGRESSIVE;
				CLANG_WARN_UNREACHABLE_CODE = YES;
				CLANG_WARN__DUPLICATE_METHOD_MATCH = YES;
				COPY_PHASE_STRIP = NO;
				DEBUG_INFORMATION_FORMAT = "dwarf-with-dsym";
				ENABLE_NS_ASSERTIONS = NO;
				ENABLE_STRICT_OBJC_MSGSEND = YES;
				GCC_C_LANGUAGE_STANDARD = gnu11;
				GCC_NO_COMMON_BLOCKS = YES;
				GCC_WARN_64_TO_32_BIT_CONVERSION = YES;
				GCC_WARN_ABOUT_RETURN_TYPE = YES_ERROR;
				GCC_WARN_UNDECLARED_SELECTOR = YES;
				GCC_WARN_UNINITIALIZED_AUTOS = YES_AGGRESSIVE;
				GCC_WARN_UNUSED_FUNCTION = YES;
				GCC_WARN_UNUSED_VARIABLE = YES;
				IPHONEOS_DEPLOYMENT_TARGET = 14.3;
				MTL_ENABLE_DEBUG_INFO = NO;
				MTL_FAST_MATH = YES;
				SDKROOT = iphoneos;
				SWIFT_COMPILATION_MODE = wholemodule;
				SWIFT_OPTIMIZATION_LEVEL = "-O";
				VALIDATE_PRODUCT = YES;
			};
			name = Release;
		};
		37DE8B1B25A0E83C0090C609 /* Debug */ = {
			isa = XCBuildConfiguration;
			buildSettings = {
				ASSETCATALOG_COMPILER_APPICON_NAME = AppIcon;
				ASSETCATALOG_COMPILER_GLOBAL_ACCENT_COLOR_NAME = AccentColor;
				CODE_SIGN_STYLE = Automatic;
				DEVELOPMENT_ASSET_PATHS = "\"Memorize_C193/Preview Content\"";
				DEVELOPMENT_TEAM = 6YNXK75768;
				ENABLE_PREVIEWS = YES;
				INFOPLIST_FILE = Memorize_C193/Info.plist;
				LD_RUNPATH_SEARCH_PATHS = (
					"$(inherited)",
					"@executable_path/Frameworks",
				);
				PRODUCT_BUNDLE_IDENTIFIER = "edu.wilybear.Memorize-C193";
				PRODUCT_NAME = "$(TARGET_NAME)";
				SWIFT_VERSION = 5.0;
				TARGETED_DEVICE_FAMILY = "1,2";
			};
			name = Debug;
		};
		37DE8B1C25A0E83C0090C609 /* Release */ = {
			isa = XCBuildConfiguration;
			buildSettings = {
				ASSETCATALOG_COMPILER_APPICON_NAME = AppIcon;
				ASSETCATALOG_COMPILER_GLOBAL_ACCENT_COLOR_NAME = AccentColor;
				CODE_SIGN_STYLE = Automatic;
				DEVELOPMENT_ASSET_PATHS = "\"Memorize_C193/Preview Content\"";
				DEVELOPMENT_TEAM = 6YNXK75768;
				ENABLE_PREVIEWS = YES;
				INFOPLIST_FILE = Memorize_C193/Info.plist;
				LD_RUNPATH_SEARCH_PATHS = (
					"$(inherited)",
					"@executable_path/Frameworks",
				);
				PRODUCT_BUNDLE_IDENTIFIER = "edu.wilybear.Memorize-C193";
				PRODUCT_NAME = "$(TARGET_NAME)";
				SWIFT_VERSION = 5.0;
				TARGETED_DEVICE_FAMILY = "1,2";
			};
			name = Release;
		};
/* End XCBuildConfiguration section */

/* Begin XCConfigurationList section */
		37DE8B0125A0E83B0090C609 /* Build configuration list for PBXProject "Memorize_C193" */ = {
			isa = XCConfigurationList;
			buildConfigurations = (
				37DE8B1825A0E83C0090C609 /* Debug */,
				37DE8B1925A0E83C0090C609 /* Release */,
			);
			defaultConfigurationIsVisible = 0;
			defaultConfigurationName = Release;
		};
		37DE8B1A25A0E83C0090C609 /* Build configuration list for PBXNativeTarget "Memorize_C193" */ = {
			isa = XCConfigurationList;
			buildConfigurations = (
				37DE8B1B25A0E83C0090C609 /* Debug */,
				37DE8B1C25A0E83C0090C609 /* Release */,
			);
			defaultConfigurationIsVisible = 0;
			defaultConfigurationName = Release;
		};
/* End XCConfigurationList section */
	};
	rootObject = 37DE8AFE25A0E83B0090C609 /* Project object */;
}
